
Microsoft Visual Studio Solution File, Format Version 12.00
# Visual Studio Version 17
VisualStudioVersion = 17.7.34202.233
MinimumVisualStudioVersion = 10.0.40219.1
Project("{FAE04EC0-301F-11D3-BF4B-00C04F79EFBC}") = "ders1", "ders1\ders1.csproj", "{677FE6B3-0E65-4E8E-A854-E24B806CBD53}"
EndProject
Global
	GlobalSection(SolutionConfigurationPlatforms) = preSolution
		Debug|Any CPU = Debug|Any CPU
		Release|Any CPU = Release|Any CPU
	EndGlobalSection
	GlobalSection(ProjectConfigurationPlatforms) = postSolution
		{677FE6B3-0E65-4E8E-A854-E24B806CBD53}.Debug|Any CPU.ActiveCfg = Debug|Any CPU
		{677FE6B3-0E65-4E8E-A854-E24B806CBD53}.Debug|Any CPU.Build.0 = Debug|Any CPU
		{677FE6B3-0E65-4E8E-A854-E24B806CBD53}.Release|Any CPU.ActiveCfg = Release|Any CPU
		{677FE6B3-0E65-4E8E-A854-E24B806CBD53}.Release|Any CPU.Build.0 = Release|Any CPU
	EndGlobalSection
	GlobalSection(SolutionProperties) = preSolution
		HideSolutionNode = FALSE
	EndGlobalSection
	GlobalSection(ExtensibilityGlobals) = postSolution
		SolutionGuid = {9C5492FD-EE95-420D-A8D3-B9F6E259F74A}
	EndGlobalSection
EndGlobal
